
Microsoft Visual Studio Solution File, Format Version 12.00
# Visual Studio Version 17
VisualStudioVersion = 17.5.002.0
MinimumVisualStudioVersion = 10.0.40219.1
Project("{9A19103F-16F7-4668-BE54-9A1E7A4F7556}") = "DesafioPOO", "DesafioPOO.csproj", "{83A9B867-8A5B-4B4D-A279-AE79207D0743}"
EndProject
Global
	GlobalSection(SolutionConfigurationPlatforms) = preSolution
		Debug|Any CPU = Debug|Any CPU
		Release|Any CPU = Release|Any CPU
	EndGlobalSection
	GlobalSection(ProjectConfigurationPlatforms) = postSolution
		{83A9B867-8A5B-4B4D-A279-AE79207D0743}.Debug|Any CPU.ActiveCfg = Debug|Any CPU
		{83A9B867-8A5B-4B4D-A279-AE79207D0743}.Debug|Any CPU.Build.0 = Debug|Any CPU
		{83A9B867-8A5B-4B4D-A279-AE79207D0743}.Release|Any CPU.ActiveCfg = Release|Any CPU
		{83A9B867-8A5B-4B4D-A279-AE79207D0743}.Release|Any CPU.Build.0 = Release|Any CPU
	EndGlobalSection
	GlobalSection(SolutionProperties) = preSolution
		HideSolutionNode = FALSE
	EndGlobalSection
	GlobalSection(ExtensibilityGlobals) = postSolution
		SolutionGuid = {3A01E235-91C7-4CA6-960D-A41B0EA2E2C9}
	EndGlobalSection
EndGlobal
